{
    "hash": "906f9eee753bfde9197e74f406cbcbdd",
    "packages": [
        {
            "name": "kraksoft/jquery",
            "version": "dev-master",
            "source": {
                "type": "git",
                "url": "https://github.com/kraksoft/jquery",
                "reference": "ae54c20d4f73f23e7dc920f3af8e5181e4c27b8c"
            },
            "dist": {
                "type": "zip",
                "url": "https://github.com/kraksoft/jquery/archive/ae54c20d4f73f23e7dc920f3af8e5181e4c27b8c.zip",
                "reference": "ae54c20d4f73f23e7dc920f3af8e5181e4c27b8c",
                "shasum": ""
            },
            "time": "2012-10-21 20:46:58",
            "type": "library",
            "installation-source": "source",
            "notification-url": "https://packagist.org/downloads/",
            "description": "jQuery fork",
            "homepage": "http://jquery.com/",
            "keywords": [
                "jquery"
            ]
        },
        {
            "name": "kraksoft/jquery-ui",
            "version": "dev-master",
            "source": {
                "type": "git",
                "url": "https://github.com/kraksoft/jquery-ui",
                "reference": "768ede8d8014bc4959d79694edeb0c7847e4bbff"
            },
            "dist": {
                "type": "zip",
                "url": "https://github.com/kraksoft/jquery-ui/archive/768ede8d8014bc4959d79694edeb0c7847e4bbff.zip",
                "reference": "768ede8d8014bc4959d79694edeb0c7847e4bbff",
                "shasum": ""
            },
            "time": "2012-10-21 20:48:14",
            "type": "library",
            "installation-source": "source",
            "notification-url": "https://packagist.org/downloads/",
            "description": "jQuery UI fork",
            "homepage": "http://jqueryui.com/",
            "keywords": [
                "jquery",
                "ui"
            ]
        },
        {
            "name": "raveren/kint",
            "version": "dev-master",
            "source": {
                "type": "git",
                "url": "https://github.com/raveren/kint.git",
                "reference": "f9a92137f39e16ec4c4e736aa733e746ee1cdeb0"
            },
            "dist": {
                "type": "zip",
                "url": "https://github.com/raveren/kint/archive/f9a92137f39e16ec4c4e736aa733e746ee1cdeb0.zip",
                "reference": "f9a92137f39e16ec4c4e736aa733e746ee1cdeb0",
                "shasum": ""
            },
            "require": {
                "php": ">=5.2.0"
            },
            "time": "2012-12-20 14:07:55",
            "type": "library",
            "installation-source": "source",
            "autoload": {
                "files": [
                    "Kint.class.php"
                ]
            },
            "notification-url": "https://packagist.org/downloads/",
            "license": [
                "MIT"
            ],
            "authors": [
                {
                    "name": "Rokas Šleinius",
                    "homepage": "https://github.com/raveren"
                },
                {
                    "name": "Contributors",
                    "homepage": "https://github.com/raveren/kint/contributors"
                }
            ],
            "description": "Kint - debugging helper for PHP developers",
            "homepage": "https://github.com/raveren/kint",
            "keywords": [
                "php",
                "debug",
                "kint"
            ]
        },
        {
            "name": "slim/slim",
            "version": "2.2.0",
            "source": {
                "type": "git",
                "url": "https://github.com/codeguy/Slim",
                "reference": "2.2.0"
            },
            "dist": {
                "type": "zip",
                "url": "https://github.com/codeguy/Slim/archive/2.2.0.zip",
                "reference": "2.2.0",
                "shasum": ""
            },
            "require": {
                "php": ">=5.3.0"
            },
            "time": "2012-12-13 02:15:50",
            "type": "library",
            "installation-source": "dist",
            "autoload": {
                "psr-0": {
                    "Slim": "."
                }
            },
            "notification-url": "https://packagist.org/downloads/",
            "license": [
                "MIT"
            ],
            "authors": [
                {
                    "name": "Josh Lockhart",
                    "email": "info@joshlockhart.com",
                    "homepage": "http://www.joshlockhart.com/"
                }
            ],
            "description": "Slim Framework, a PHP micro framework",
            "homepage": "http://github.com/codeguy/Slim",
            "keywords": [
                "microframework",
                "rest",
                "router"
            ]
        }
    ],
    "packages-dev": null,
    "aliases": [

    ],
    "minimum-stability": "stable",
    "stability-flags": {
        "raveren/kint": 20,
        "kraksoft/jquery": 20,
        "kraksoft/jquery-ui": 20
    }
}
